
Microsoft Visual Studio Solution File, Format Version 11.00
# Visual Studio 2010
Project("{FAE04EC0-301F-11D3-BF4B-00C04F79EFBC}") = "VVVV.Nodes.DX11SetSlice", "VVVV.Nodes.DX11SetSlice\VVVV.Nodes.DX11SetSlice.csproj", "{00700B0B-38BA-455A-A75D-806AD9F6231B}"
EndProject
Global
	GlobalSection(SolutionConfigurationPlatforms) = preSolution
		Debug|Any CPU = Debug|Any CPU
		Release|Any CPU = Release|Any CPU
	EndGlobalSection
	GlobalSection(ProjectConfigurationPlatforms) = postSolution
		{00700B0B-38BA-455A-A75D-806AD9F6231B}.Debug|Any CPU.ActiveCfg = Debug|Any CPU
		{00700B0B-38BA-455A-A75D-806AD9F6231B}.Debug|Any CPU.Build.0 = Debug|Any CPU
		{00700B0B-38BA-455A-A75D-806AD9F6231B}.Release|Any CPU.ActiveCfg = Release|Any CPU
		{00700B0B-38BA-455A-A75D-806AD9F6231B}.Release|Any CPU.Build.0 = Release|Any CPU
	EndGlobalSection
	GlobalSection(SolutionProperties) = preSolution
		HideSolutionNode = FALSE
	EndGlobalSection
EndGlobal
